# This file was autogenerated by Stack.
# You should not edit this file by hand.
# For more information, please see the documentation at:
#   https://docs.haskellstack.org/en/stable/lock_files

packages:
- completed:
    hackage: async-timer-0.2.0.0@sha256:e1504aa0fb5932cb07498ec548180aba9e03a3e7f5d2c810bf3dce75fbdd34d6,2048
    pantry-tree:
      size: 420
      sha256: f6e0f4929cf25a1b6e732cbc9c7a8902e922d8c989c3cf9e0623052847857c94
  original:
    hackage: async-timer-0.2.0.0
- completed:
    hackage: canonical-json-0.6.0.0@sha256:9021f435ccb884a3b4c55bcc6b50eb19d5fc3cc3f29d5fcbdef016f5bbae23a2,3488
    pantry-tree:
      size: 646
      sha256: 18e3afbd09480a247cd39355929d638e0888ccd2c3873cb79c5a5bc2231fae4f
  original:
    hackage: canonical-json-0.6.0.0
- completed:
    hackage: composition-prelude-3.0.0.2@sha256:1ffed216bd28d810fce0b5be83a661e2a892696d73b3f8de5c0f5edb9b5f0090,1216
    pantry-tree:
      size: 284
      sha256: 94fc1c55e9065ae575315ac52a552d0e03beaefef4669a58a9745c6d71b4dd6b
  original:
    hackage: composition-prelude-3.0.0.2
- completed:
    hackage: constraints-extras-0.3.1.0@sha256:c70fcf437e1d640cfd50a8eda1db47a64e49c96857e08fd0d8c438327d908ac1,1846
    pantry-tree:
      size: 595
      sha256: f29920355b21ef7a7218573591aa740b01b3d1fb3b0bbd66e2f726d091d56fb2
  original:
    hackage: constraints-extras-0.3.1.0
- completed:
    hackage: contra-tracers-1.0.0@sha256:2655225416daee4609128c2bb238d89e8ce820cc1c23ef9286c72c27995a61dd,2202
    pantry-tree:
      size: 344
      sha256: 658250236d8a778da893e9bd93404d5e3563a251c2621ef202d2abbc78d25d38
  original:
    hackage: contra-tracers-1.0.0
- completed:
    hackage: dom-lt-0.2.3@sha256:89f17bbeb0d23f5a46fe7099b81cc9b4b5df32aadb5080fc171c874aafc802c0,1850
    pantry-tree:
      size: 442
      sha256: 7daf5082515248f0d0d0b7d164d079f970318e26d39f1ffd15519bd22bbe559a
  original:
    hackage: dom-lt-0.2.3
- completed:
    hackage: fast-bech32-1.0.0@sha256:3d92ae075d8121ea46527fb4a8b2076225d740a0b84ce28a00bfea3d9fa3d880,5063
    pantry-tree:
      size: 476
      sha256: 53c28c182bf6b09368cd1fd53a066b90bbae6a3deba7d38799472f2d7fd05db8
  original:
    hackage: fast-bech32-1.0.0
- completed:
    hackage: gray-code-0.3.1@sha256:2c8a4ed9c9ee37320305610604d6d93504e0813d7c9768949af418b53043185a,2388
    pantry-tree:
      size: 506
      sha256: 7b133d19b93231ea84b286cfe1a2038d67f9b553826845b33fad6526464e1de7
  original:
    hackage: gray-code-0.3.1
- completed:
    hackage: lazy-search-0.1.2.1@sha256:c942a01e4a64881f89c72eaef5e3a78eba8750759cd66996c6746a2a7cabe703,1199
    pantry-tree:
      size: 279
      sha256: 824505340a62d82742882c1fa57a0532e0ae3c69cbb7947fe758ce47b93af2dd
  original:
    hackage: lazy-search-0.1.2.1
- completed:
    hackage: markov-chain-usage-model-0.0.0@sha256:1afa95faeb9213c4d960a669190078b41b89169462b8edd910472980671ba8c0,2112
    pantry-tree:
      size: 432
      sha256: 6871bd9281acf589296d0998a3d62892b036040ab10e74e8a0f356f68c194f4f
  original:
    hackage: markov-chain-usage-model-0.0.0
- completed:
    hackage: monoidal-containers-0.6.2.0@sha256:124941d70df5e2928b4c6db605a1d0464e68c2c6b02e426db24a40194d43821d,2219
    pantry-tree:
      size: 569
      sha256: 07ceac751866bad09af45df7d0ae97420d659221e8a0d85407705dcda1f6e89b
  original:
    hackage: monoidal-containers-0.6.2.0
- completed:
    hackage: moo-1.2@sha256:0c4be1a01548db785dcbbe6b8c98579dbf03c5b3b536e0420dce3ba6a61337cb,5951
    pantry-tree:
      size: 2861
      sha256: a32c48fefc42e1f7775c868794a91604522a59a1c0d2b2accff12197329f2d17
  original:
    hackage: moo-1.2
- completed:
    hackage: network-3.1.2.2@sha256:218e2968e03d99c40f32a2ef7cc41a848969096ba1c780ff2e57997a00246b06,4781
    pantry-tree:
      size: 3971
      sha256: a4e25a1e953ac5cc7ee25ab141aa2f23418e02251ffe6ba47748fbe27da87462
  original:
    hackage: network-3.1.2.2
- completed:
    hackage: nothunks-0.1.3@sha256:33bb3af223163535fa59d1fa83ba95a355106ba3fcffe5452d4abbf13ab4608d,2521
    pantry-tree:
      size: 342
      sha256: d820c85513f1096f80721aca248201eea865f44b812706c843f55d7b2a7ab289
  original:
    hackage: nothunks-0.1.3
- completed:
    hackage: partial-order-0.2.0.0@sha256:a0d6ddc9ebcfa965a5cbcff1d06d46a79d44ea5a0335c583c2a51bcb41334487,2275
    pantry-tree:
      size: 273
      sha256: 674243e0470949fa81a6025ae0ddb1c52c48cffbf163249868563ec826eaadc5
  original:
    hackage: partial-order-0.2.0.0
- completed:
    hackage: quickcheck-state-machine-0.7.1@sha256:575f16ece44b20f204730b7b5d77a1ed91b33f4a961a4e70932fc8d602082b10,6153
    pantry-tree:
      size: 3022
      sha256: edb32e2c7ac3be15e0d110b762990192d993326779f440984e56de0be5e0f714
  original:
    hackage: quickcheck-state-machine-0.7.1
- completed:
    hackage: size-based-0.1.2.0@sha256:1b33da89d270189661dbbda49a88b0c21d2fc2f7a407e7a2b1933e2faf0f5d4d,1258
    pantry-tree:
      size: 480
      sha256: 2c8a16986903aecfc14ada381ff9f369e218feaf5dc90e934e93ecbf83905b1a
  original:
    hackage: size-based-0.1.2.0
- completed:
    hackage: statistics-linreg-0.3@sha256:95c6efe6c7f6b26bc6e9ada90ab2d18216371cf59a6ef2b517b4a6fd35d9a76f,2544
    pantry-tree:
      size: 233
      sha256: 8d1978a6497e4fd9c66b0c5f24ea659aa9714f5b7e8b1dcfce7fb7bb8d4dee0e
  original:
    hackage: statistics-linreg-0.3
- completed:
    hackage: streaming-binary-0.2.2.0@sha256:09b9a9b0291199c5808e88dcf9c93e7b336e740c71efeafd7c835b59794a8c90,1034
    pantry-tree:
      size: 443
      sha256: ffd0144733bfcc342107f912505618eb5b6f4f856d294bc100a6d3c611cdfd45
  original:
    hackage: streaming-binary-0.2.2.0
- completed:
    hackage: transformers-except-0.1.2@sha256:2ff895fd65ec9e45cbe839ef5b66e26b7d9f3fe561148993293a41e14491e625,1548
    pantry-tree:
      size: 276
      sha256: 255031ad4b86a6f3cecd01752ba63186d54c07dd4f667ed77033326970f0120c
  original:
    hackage: transformers-except-0.1.2
- completed:
    hackage: Unique-0.4.7.9@sha256:a7e154cf6d05169777a1e54aadab24fb3a6eae3ee167e5e77d7ba96d182436c7,2064
    pantry-tree:
      size: 1366
      sha256: eb62502b1de8adee91f0feb104a36f87a21a9367f95295d4f12c73183a9b1e54
  original:
    hackage: Unique-0.4.7.9
- completed:
    subdir: base-deriving-via
    name: base-deriving-via
    version: 0.1.0.0
    git: https://github.com/input-output-hk/cardano-base
    pantry-tree:
      size: 394
      sha256: d45651f16e1d4fb01530e720ed070d4062a2b37c36fa285d40a9031d631ba616
    commit: 41545ba3ac6b3095966316a99883d678b5ab8da8
  original:
    subdir: base-deriving-via
    git: https://github.com/input-output-hk/cardano-base
    commit: 41545ba3ac6b3095966316a99883d678b5ab8da8
- completed:
    subdir: binary
    name: cardano-binary
    version: 1.5.0
    git: https://github.com/input-output-hk/cardano-base
    pantry-tree:
      size: 1884
      sha256: 45318c022814c857757be9615a4beea18ac99fc7c0bedd3d22c7f7dbf36620e0
    commit: 41545ba3ac6b3095966316a99883d678b5ab8da8
  original:
    subdir: binary
    git: https://github.com/input-output-hk/cardano-base
    commit: 41545ba3ac6b3095966316a99883d678b5ab8da8
- completed:
    subdir: binary/test
    name: cardano-binary-test
    version: 1.3.0
    git: https://github.com/input-output-hk/cardano-base
    pantry-tree:
      size: 1007
      sha256: 8def6e17527380b70fe61a9abb31b29608f0cfbb7397de5ad50b844e88039d23
    commit: 41545ba3ac6b3095966316a99883d678b5ab8da8
  original:
    subdir: binary/test
    git: https://github.com/input-output-hk/cardano-base
    commit: 41545ba3ac6b3095966316a99883d678b5ab8da8
- completed:
    subdir: cardano-crypto-class
    name: cardano-crypto-class
    version: 2.0.0
    git: https://github.com/input-output-hk/cardano-base
    pantry-tree:
      size: 3365
      sha256: dd94bfdac2a63c728de1565ed33f6c85e3814085b871ea334c28aec5a171cdfe
    commit: 41545ba3ac6b3095966316a99883d678b5ab8da8
  original:
    subdir: cardano-crypto-class
    git: https://github.com/input-output-hk/cardano-base
    commit: 41545ba3ac6b3095966316a99883d678b5ab8da8
- completed:
    subdir: cardano-crypto-praos
    name: cardano-crypto-praos
    version: 2.0.0
    git: https://github.com/input-output-hk/cardano-base
    pantry-tree:
      size: 1886
      sha256: 772e599fd30301b5d477ecb239262deb8c88a3bef607cf520e8a342341c1a5c6
    commit: 41545ba3ac6b3095966316a99883d678b5ab8da8
  original:
    subdir: cardano-crypto-praos
    git: https://github.com/input-output-hk/cardano-base
    commit: 41545ba3ac6b3095966316a99883d678b5ab8da8
- completed:
    subdir: cardano-crypto-tests
    name: cardano-crypto-tests
    version: 2.0.0
    git: https://github.com/input-output-hk/cardano-base
    pantry-tree:
      size: 878
      sha256: 68ed26c825026479d7ae223f62b0e86e6cb0ef7e728b69c7ed2cca1e8cc3a84d
    commit: 41545ba3ac6b3095966316a99883d678b5ab8da8
  original:
    subdir: cardano-crypto-tests
    git: https://github.com/input-output-hk/cardano-base
    commit: 41545ba3ac6b3095966316a99883d678b5ab8da8
- completed:
    subdir: measures
    name: measures
    version: 0.1.0.0
    git: https://github.com/input-output-hk/cardano-base
    pantry-tree:
      size: 395
      sha256: d3f61763e1dfa87bdaa664045fbfac416bbfa870a32475fe96664a3659270e8a
    commit: 41545ba3ac6b3095966316a99883d678b5ab8da8
  original:
    subdir: measures
    git: https://github.com/input-output-hk/cardano-base
    commit: 41545ba3ac6b3095966316a99883d678b5ab8da8
- completed:
    subdir: orphans-deriving-via
    name: orphans-deriving-via
    version: 0.1.0.0
    git: https://github.com/input-output-hk/cardano-base
    pantry-tree:
      size: 307
      sha256: cdac444af4c86a210961ed4d7b91ff697244348057089f8a04fc8419a6bb5ca4
    commit: 41545ba3ac6b3095966316a99883d678b5ab8da8
  original:
    subdir: orphans-deriving-via
    git: https://github.com/input-output-hk/cardano-base
    commit: 41545ba3ac6b3095966316a99883d678b5ab8da8
- completed:
    subdir: slotting
    name: cardano-slotting
    version: 0.1.0.0
    git: https://github.com/input-output-hk/cardano-base
    pantry-tree:
      size: 642
      sha256: bb44fa2e71515fdfd6f481648176daffee601b80833c37d02da987cf2e2c3543
    commit: 41545ba3ac6b3095966316a99883d678b5ab8da8
  original:
    subdir: slotting
    git: https://github.com/input-output-hk/cardano-base
    commit: 41545ba3ac6b3095966316a99883d678b5ab8da8
- completed:
    subdir: strict-containers
    name: strict-containers
    version: 0.1.0.0
    git: https://github.com/input-output-hk/cardano-base
    pantry-tree:
      size: 473
      sha256: 2f7bd8b5e5626ea2986dc929f23ebc565a1e7d8f4cedaf2edf7bfaca70852886
    commit: 41545ba3ac6b3095966316a99883d678b5ab8da8
  original:
    subdir: strict-containers
    git: https://github.com/input-output-hk/cardano-base
    commit: 41545ba3ac6b3095966316a99883d678b5ab8da8
- completed:
    name: cardano-crypto
    version: 1.1.0
    git: https://github.com/input-output-hk/cardano-crypto
    pantry-tree:
      size: 5300
      sha256: e47672988b56ef3c3bae513ab3cc1a50d492c75f598fcfb234d1db37bbacbada
    commit: f73079303f663e028288f9f4a9e08bcca39a923e
  original:
    git: https://github.com/input-output-hk/cardano-crypto
    commit: f73079303f663e028288f9f4a9e08bcca39a923e
- completed:
    subdir: eras/alonzo/impl
    name: cardano-ledger-alonzo
    version: 0.1.0.0
    git: https://github.com/input-output-hk/cardano-ledger
    pantry-tree:
      size: 1723
      sha256: df1eb04d201a81462bb0db0e95dde4c2384dbac10328d7b78d2fcb77b951225f
    commit: 1a9ec4ae9e0b09d54e49b2a40c4ead37edadcce5
  original:
    subdir: eras/alonzo/impl
    git: https://github.com/input-output-hk/cardano-ledger
    commit: 1a9ec4ae9e0b09d54e49b2a40c4ead37edadcce5
- completed:
    subdir: eras/alonzo/test-suite
    name: cardano-ledger-alonzo-test
    version: 0.1.0.0
    git: https://github.com/input-output-hk/cardano-ledger
    pantry-tree:
      size: 1839
      sha256: d23c256b2dc5cdc8784864d30a42d56255c7278c783d07e5eb1110cfa10fb4c7
    commit: 1a9ec4ae9e0b09d54e49b2a40c4ead37edadcce5
  original:
    subdir: eras/alonzo/test-suite
    git: https://github.com/input-output-hk/cardano-ledger
    commit: 1a9ec4ae9e0b09d54e49b2a40c4ead37edadcce5
- completed:
    subdir: eras/byron/chain/executable-spec
    name: byron-spec-chain
    version: 0.1.0.0
    git: https://github.com/input-output-hk/cardano-ledger
    pantry-tree:
      size: 1029
      sha256: 12dfb06a8d18789f8c81d5a0e42f2b15512c136e2afb2b0e03abbc68999d7b67
    commit: 1a9ec4ae9e0b09d54e49b2a40c4ead37edadcce5
  original:
    subdir: eras/byron/chain/executable-spec
    git: https://github.com/input-output-hk/cardano-ledger
    commit: 1a9ec4ae9e0b09d54e49b2a40c4ead37edadcce5
- completed:
    subdir: eras/byron/crypto
    name: cardano-crypto-wrapper
    version: 1.3.0
    git: https://github.com/input-output-hk/cardano-ledger
    pantry-tree:
      size: 4430
      sha256: 5657615cfb8d54977592cf4749642bfc47e2a50eeab741d79bf5b70384494035
    commit: 1a9ec4ae9e0b09d54e49b2a40c4ead37edadcce5
  original:
    subdir: eras/byron/crypto
    git: https://github.com/input-output-hk/cardano-ledger
    commit: 1a9ec4ae9e0b09d54e49b2a40c4ead37edadcce5
- completed:
    subdir: eras/byron/crypto/test
    name: cardano-crypto-test
    version: 1.3.0
    git: https://github.com/input-output-hk/cardano-ledger
    pantry-tree:
      size: 2364
      sha256: e52d4ffd1a27ba1569fd29eb9fe2c8a6c0a3e0e137f1c9840e527f3421964cf4
    commit: 1a9ec4ae9e0b09d54e49b2a40c4ead37edadcce5
  original:
    subdir: eras/byron/crypto/test
    git: https://github.com/input-output-hk/cardano-ledger
    commit: 1a9ec4ae9e0b09d54e49b2a40c4ead37edadcce5
- completed:
    subdir: eras/byron/ledger/executable-spec
    name: byron-spec-ledger
    version: 0.1.0.0
    git: https://github.com/input-output-hk/cardano-ledger
    pantry-tree:
      size: 4980
      sha256: 4a2e6fd74f76af7fbdb83f39a79181c99b2706614bf76c34581f5b86381b49f6
    commit: 1a9ec4ae9e0b09d54e49b2a40c4ead37edadcce5
  original:
    subdir: eras/byron/ledger/executable-spec
    git: https://github.com/input-output-hk/cardano-ledger
    commit: 1a9ec4ae9e0b09d54e49b2a40c4ead37edadcce5
- completed:
    subdir: eras/byron/ledger/impl
    name: cardano-ledger-byron
    version: 0.1.0.0
    git: https://github.com/input-output-hk/cardano-ledger
    pantry-tree:
      size: 19749
      sha256: ff4009c954c10068e4717f8a26ce9fb7b15bf926a83e264a213e46a45b94d50b
    commit: 1a9ec4ae9e0b09d54e49b2a40c4ead37edadcce5
  original:
    subdir: eras/byron/ledger/impl
    git: https://github.com/input-output-hk/cardano-ledger
    commit: 1a9ec4ae9e0b09d54e49b2a40c4ead37edadcce5
- completed:
    subdir: eras/byron/ledger/impl/test
    name: cardano-ledger-byron-test
    version: 1.3.0
    git: https://github.com/input-output-hk/cardano-ledger
    pantry-tree:
      size: 11507
      sha256: 6e4ec74cecb0af2016f7987a91044e9bdd9b62b50c97047c19403a2a16af7bd5
    commit: 1a9ec4ae9e0b09d54e49b2a40c4ead37edadcce5
  original:
    subdir: eras/byron/ledger/impl/test
    git: https://github.com/input-output-hk/cardano-ledger
    commit: 1a9ec4ae9e0b09d54e49b2a40c4ead37edadcce5
- completed:
    subdir: eras/shelley/impl
    name: cardano-ledger-shelley
    version: 0.1.0.0
    git: https://github.com/input-output-hk/cardano-ledger
    pantry-tree:
      size: 4493
      sha256: bfdbadb2903aeeb3bc6517b4f7ac0b13211cf45067b1a414bdd938e69f31c9c6
    commit: 1a9ec4ae9e0b09d54e49b2a40c4ead37edadcce5
  original:
    subdir: eras/shelley/impl
    git: https://github.com/input-output-hk/cardano-ledger
    commit: 1a9ec4ae9e0b09d54e49b2a40c4ead37edadcce5
- completed:
    subdir: eras/shelley/test-suite
    name: cardano-ledger-shelley-test
    version: 0.1.0.0
    git: https://github.com/input-output-hk/cardano-ledger
    pantry-tree:
      size: 7727
      sha256: bb53cbf5a05ea6881f1ce13ee447b629ed77a95ae77a2ddb21d26f1dac9474bb
    commit: 1a9ec4ae9e0b09d54e49b2a40c4ead37edadcce5
  original:
    subdir: eras/shelley/test-suite
    git: https://github.com/input-output-hk/cardano-ledger
    commit: 1a9ec4ae9e0b09d54e49b2a40c4ead37edadcce5
- completed:
    subdir: eras/shelley-ma/impl
    name: cardano-ledger-shelley-ma
    version: 0.1.0.0
    git: https://github.com/input-output-hk/cardano-ledger
    pantry-tree:
      size: 1116
      sha256: 35a63902a6ff3ccbeb8c478ba172050d1f47fb98cce2ddfc119042370b5bf246
    commit: 1a9ec4ae9e0b09d54e49b2a40c4ead37edadcce5
  original:
    subdir: eras/shelley-ma/impl
    git: https://github.com/input-output-hk/cardano-ledger
    commit: 1a9ec4ae9e0b09d54e49b2a40c4ead37edadcce5
- completed:
    subdir: eras/shelley-ma/test-suite
    name: cardano-ledger-shelley-ma-test
    version: 0.1.0.0
    git: https://github.com/input-output-hk/cardano-ledger
    pantry-tree:
      size: 2489
      sha256: d3ae74eafccb1064dd4299fe71520f1dafd0ffff32dfa2e97421c883f55b96a4
    commit: 1a9ec4ae9e0b09d54e49b2a40c4ead37edadcce5
  original:
    subdir: eras/shelley-ma/test-suite
    git: https://github.com/input-output-hk/cardano-ledger
    commit: 1a9ec4ae9e0b09d54e49b2a40c4ead37edadcce5
- completed:
    subdir: libs/cardano-data
    name: cardano-data
    version: 0.1.0.0
    git: https://github.com/input-output-hk/cardano-ledger
    pantry-tree:
      size: 745
      sha256: dfdcba7151ca13c078a252b789cfb6f8584173c75d8e00350c272c4939a37a66
    commit: 1a9ec4ae9e0b09d54e49b2a40c4ead37edadcce5
  original:
    subdir: libs/cardano-data
    git: https://github.com/input-output-hk/cardano-ledger
    commit: 1a9ec4ae9e0b09d54e49b2a40c4ead37edadcce5
- completed:
    subdir: libs/cardano-ledger-core
    name: cardano-ledger-core
    version: 0.1.0.0
    git: https://github.com/input-output-hk/cardano-ledger
    pantry-tree:
      size: 1539
      sha256: c1cf35b0e46725bd0ded14597fc519f37cffd87f0be9ae0a6254470f424cbd07
    commit: 1a9ec4ae9e0b09d54e49b2a40c4ead37edadcce5
  original:
    subdir: libs/cardano-ledger-core
    git: https://github.com/input-output-hk/cardano-ledger
    commit: 1a9ec4ae9e0b09d54e49b2a40c4ead37edadcce5
- completed:
    subdir: libs/cardano-ledger-pretty
    name: cardano-ledger-pretty
    version: 0.1.0.0
    git: https://github.com/input-output-hk/cardano-ledger
    pantry-tree:
      size: 436
      sha256: edae70c4568c03e6781ecb92a0d1116ce252c50ed9ab4deeb653121d11c4a6c9
    commit: 1a9ec4ae9e0b09d54e49b2a40c4ead37edadcce5
  original:
    subdir: libs/cardano-ledger-pretty
    git: https://github.com/input-output-hk/cardano-ledger
    commit: 1a9ec4ae9e0b09d54e49b2a40c4ead37edadcce5
- completed:
    subdir: libs/cardano-protocol-tpraos
    name: cardano-protocol-tpraos
    version: 0.1.0.0
    git: https://github.com/input-output-hk/cardano-ledger
    pantry-tree:
      size: 794
      sha256: c4616ae4acd13fc13a27004b9d16097414fc0e947ea63ba585a8811843f93f34
    commit: 1a9ec4ae9e0b09d54e49b2a40c4ead37edadcce5
  original:
    subdir: libs/cardano-protocol-tpraos
    git: https://github.com/input-output-hk/cardano-ledger
    commit: 1a9ec4ae9e0b09d54e49b2a40c4ead37edadcce5
- completed:
    subdir: libs/compact-map
    name: compact-map
    version: 0.1.0.0
    git: https://github.com/input-output-hk/cardano-ledger
    pantry-tree:
      size: 884
      sha256: 3a65432c7a6412c2c9214de8838dfb798862f7acd498a5ed33c104a7fe54071c
    commit: 1a9ec4ae9e0b09d54e49b2a40c4ead37edadcce5
  original:
    subdir: libs/compact-map
    git: https://github.com/input-output-hk/cardano-ledger
    commit: 1a9ec4ae9e0b09d54e49b2a40c4ead37edadcce5
- completed:
    subdir: libs/non-integral
    name: non-integral
    version: 0.1.0.0
    git: https://github.com/input-output-hk/cardano-ledger
    pantry-tree:
      size: 1008
      sha256: 27694e6990ae50cfe8301a1cb05208e001a215a804be3e8121d3e31aff58f3b5
    commit: 1a9ec4ae9e0b09d54e49b2a40c4ead37edadcce5
  original:
    subdir: libs/non-integral
    git: https://github.com/input-output-hk/cardano-ledger
    commit: 1a9ec4ae9e0b09d54e49b2a40c4ead37edadcce5
- completed:
    subdir: libs/set-algebra
    name: set-algebra
    version: 0.1.0.0
    git: https://github.com/input-output-hk/cardano-ledger
    pantry-tree:
      size: 608
      sha256: b37b327057a2790174899c10d13dc2ad65eba13834a0f7b078130db59b545bd5
    commit: 1a9ec4ae9e0b09d54e49b2a40c4ead37edadcce5
  original:
    subdir: libs/set-algebra
    git: https://github.com/input-output-hk/cardano-ledger
    commit: 1a9ec4ae9e0b09d54e49b2a40c4ead37edadcce5
- completed:
    subdir: libs/small-steps
    name: small-steps
    version: 0.1.0.0
    git: https://github.com/input-output-hk/cardano-ledger
    pantry-tree:
      size: 552
      sha256: 279f48a7add8d078e50bda6378634c75240c43c16f4c1aa5019cd14321cd12ef
    commit: 1a9ec4ae9e0b09d54e49b2a40c4ead37edadcce5
  original:
    subdir: libs/small-steps
    git: https://github.com/input-output-hk/cardano-ledger
    commit: 1a9ec4ae9e0b09d54e49b2a40c4ead37edadcce5
- completed:
    subdir: libs/small-steps-test
    name: small-steps-test
    version: 0.1.0.0
    git: https://github.com/input-output-hk/cardano-ledger
    pantry-tree:
      size: 909
      sha256: 14024a812744131fbbe00df32414007e3df5518b3aefba900f1a3ea979e29685
    commit: 1a9ec4ae9e0b09d54e49b2a40c4ead37edadcce5
  original:
    subdir: libs/small-steps-test
    git: https://github.com/input-output-hk/cardano-ledger
    commit: 1a9ec4ae9e0b09d54e49b2a40c4ead37edadcce5
- completed:
    subdir: cardano-api
    name: cardano-api
    version: 1.34.1
    git: https://github.com/input-output-hk/cardano-node
    pantry-tree:
      size: 6241
      sha256: aaca2e05d922e6fb2fd83ecd79935e43c453e6e0da0e3ef6e4e72c2d5f915587
    commit: 73f9a746362695dc2cb63ba757fbcabb81733d23
  original:
    subdir: cardano-api
    git: https://github.com/input-output-hk/cardano-node
    commit: 73f9a746362695dc2cb63ba757fbcabb81733d23
- completed:
    subdir: cardano-prelude
    name: cardano-prelude
    version: 0.1.0.0
    git: https://github.com/input-output-hk/cardano-prelude
    pantry-tree:
      size: 1515
      sha256: 664e7d50828faf607bf963a207f1fab1fc1e6b53cb91be8f188151ae75221932
    commit: bb4ed71ba8e587f672d06edf9d2e376f4b055555
  original:
    subdir: cardano-prelude
    git: https://github.com/input-output-hk/cardano-prelude
    commit: bb4ed71ba8e587f672d06edf9d2e376f4b055555
- completed:
    subdir: cardano-prelude-test
    name: cardano-prelude-test
    version: 0.1.0.0
    git: https://github.com/input-output-hk/cardano-prelude
    pantry-tree:
      size: 1130
      sha256: 939614ced111120ad9c0262bc46b8c25e66cb2204b4d28c3db2e576cbc272d8a
    commit: bb4ed71ba8e587f672d06edf9d2e376f4b055555
  original:
    subdir: cardano-prelude-test
    git: https://github.com/input-output-hk/cardano-prelude
    commit: bb4ed71ba8e587f672d06edf9d2e376f4b055555
- completed:
    name: flat
    version: 0.4.5
    git: https://github.com/input-output-hk/flat
    pantry-tree:
      size: 7253
      sha256: 87a168685f1ec857e6cc3b003c536da71638d6dea39d550691d611768b1fc101
    commit: ee59880f47ab835dbd73bea0847dab7869fc20d8
  original:
    git: https://github.com/input-output-hk/flat
    commit: ee59880f47ab835dbd73bea0847dab7869fc20d8
- completed:
    name: goblins
    version: 0.2.0.0
    git: https://github.com/input-output-hk/goblins
    pantry-tree:
      size: 928
      sha256: 4df5d3e7f5341949af46f1dd6b32642a6058ece469693fdbb14ad7582945ebc9
    commit: cde90a2b27f79187ca8310b6549331e59595e7ba
  original:
    git: https://github.com/input-output-hk/goblins
    commit: cde90a2b27f79187ca8310b6549331e59595e7ba
- completed:
    name: hedgehog-extras
    version: 0.1.0.0
    git: https://github.com/input-output-hk/hedgehog-extras
    pantry-tree:
      size: 2301
      sha256: 7c6daad5cfe3bf8e73e6a2eed76f697369faede5a95f1e8e22152adbd98d8c96
    commit: edf6945007177a638fbeb8802397f3a6f4e47c14
  original:
    git: https://github.com/input-output-hk/hedgehog-extras
    commit: edf6945007177a638fbeb8802397f3a6f4e47c14
- completed:
    subdir: contra-tracer
    name: contra-tracer
    version: 0.1.0.0
    git: https://github.com/input-output-hk/iohk-monitoring-framework
    pantry-tree:
      size: 338
      sha256: 7902fbc68aba33d6f139d0815a6e71e704a62684bf2bddaca9959e569301f25d
    commit: 808724ff8a19a33d0ed06f9ef59fbd900b08553c
  original:
    subdir: contra-tracer
    git: https://github.com/input-output-hk/iohk-monitoring-framework
    commit: 808724ff8a19a33d0ed06f9ef59fbd900b08553c
- completed:
    subdir: iohk-monitoring
    name: iohk-monitoring
    version: 0.1.10.1
    git: https://github.com/input-output-hk/iohk-monitoring-framework
    pantry-tree:
      size: 4944
      sha256: fba191a4af8dac1e922da32a117c705f64d84caf0c47917000f55ef4ffff523b
    commit: 808724ff8a19a33d0ed06f9ef59fbd900b08553c
  original:
    subdir: iohk-monitoring
    git: https://github.com/input-output-hk/iohk-monitoring-framework
    commit: 808724ff8a19a33d0ed06f9ef59fbd900b08553c
- completed:
    subdir: plugins/backend-aggregation
    name: lobemo-backend-aggregation
    version: 0.1.0.0
    git: https://github.com/input-output-hk/iohk-monitoring-framework
    pantry-tree:
      size: 343
      sha256: fe1d61fe24e95753a3824d453143ef4e7a51ccba2331dd1160a58c8b2abedc95
    commit: 808724ff8a19a33d0ed06f9ef59fbd900b08553c
  original:
    subdir: plugins/backend-aggregation
    git: https://github.com/input-output-hk/iohk-monitoring-framework
    commit: 808724ff8a19a33d0ed06f9ef59fbd900b08553c
- completed:
    subdir: plugins/backend-ekg
    name: lobemo-backend-ekg
    version: 0.1.0.1
    git: https://github.com/input-output-hk/iohk-monitoring-framework
    pantry-tree:
      size: 409
      sha256: 2b9478b731d0046575e4325234b91f8125c90b7faef8ab1ee594e84dda2f59a7
    commit: 808724ff8a19a33d0ed06f9ef59fbd900b08553c
  original:
    subdir: plugins/backend-ekg
    git: https://github.com/input-output-hk/iohk-monitoring-framework
    commit: 808724ff8a19a33d0ed06f9ef59fbd900b08553c
- completed:
    subdir: plugins/backend-monitoring
    name: lobemo-backend-monitoring
    version: 0.1.0.0
    git: https://github.com/input-output-hk/iohk-monitoring-framework
    pantry-tree:
      size: 471
      sha256: 91da1a055a6fb446a074f3deeaa65f4318f15bc3247d551f71d035d1efa51784
    commit: 808724ff8a19a33d0ed06f9ef59fbd900b08553c
  original:
    subdir: plugins/backend-monitoring
    git: https://github.com/input-output-hk/iohk-monitoring-framework
    commit: 808724ff8a19a33d0ed06f9ef59fbd900b08553c
- completed:
    subdir: plugins/backend-trace-forwarder
    name: lobemo-backend-trace-forwarder
    version: 0.1.0.0
    git: https://github.com/input-output-hk/iohk-monitoring-framework
    pantry-tree:
      size: 350
      sha256: 0d86c6f715b106f6748a4589762c97f396aaa7b43186aa81f31b4f06ec1a3a51
    commit: 808724ff8a19a33d0ed06f9ef59fbd900b08553c
  original:
    subdir: plugins/backend-trace-forwarder
    git: https://github.com/input-output-hk/iohk-monitoring-framework
    commit: 808724ff8a19a33d0ed06f9ef59fbd900b08553c
- completed:
    subdir: plugins/scribe-systemd
    name: lobemo-scribe-systemd
    version: 0.1.0.0
    git: https://github.com/input-output-hk/iohk-monitoring-framework
    pantry-tree:
      size: 332
      sha256: f0481607ca5a9ea854202ba5a3bc91b85b14617e6d3ae471ae05bfad7cf1aaa1
    commit: 808724ff8a19a33d0ed06f9ef59fbd900b08553c
  original:
    subdir: plugins/scribe-systemd
    git: https://github.com/input-output-hk/iohk-monitoring-framework
    commit: 808724ff8a19a33d0ed06f9ef59fbd900b08553c
- completed:
    subdir: tracer-transformers
    name: tracer-transformers
    version: 0.1.0.1
    git: https://github.com/input-output-hk/iohk-monitoring-framework
    pantry-tree:
      size: 631
      sha256: b774352920631cfe54b8d947a063999a8327d259f95ed0e25671ad8ac90a02d0
    commit: 808724ff8a19a33d0ed06f9ef59fbd900b08553c
  original:
    subdir: tracer-transformers
    git: https://github.com/input-output-hk/iohk-monitoring-framework
    commit: 808724ff8a19a33d0ed06f9ef59fbd900b08553c
- completed:
    subdir: io-classes
    name: io-classes
    version: 0.2.0.0
    git: https://github.com/input-output-hk/ouroboros-network
    pantry-tree:
      size: 1068
      sha256: 0c2a0a7f16b6093b10ce27512c6681ae6472f1ba8fa1af00fcb5715f5a7acfa7
    commit: 4fac197b6f0d2ff60dc3486c593b68dc00969fbf
  original:
    subdir: io-classes
    git: https://github.com/input-output-hk/ouroboros-network
    commit: 4fac197b6f0d2ff60dc3486c593b68dc00969fbf
- completed:
    subdir: io-sim
    name: io-sim
    version: 0.2.0.0
    git: https://github.com/input-output-hk/ouroboros-network
    pantry-tree:
      size: 628
      sha256: 037c360386bcb539e4dfde5b7fb4389a24f28e4f59945b303e5355d88bd28e50
    commit: 4fac197b6f0d2ff60dc3486c593b68dc00969fbf
  original:
    subdir: io-sim
    git: https://github.com/input-output-hk/ouroboros-network
    commit: 4fac197b6f0d2ff60dc3486c593b68dc00969fbf
- completed:
    subdir: monoidal-synchronisation
    name: monoidal-synchronisation
    version: 0.1.0.0
    git: https://github.com/input-output-hk/ouroboros-network
    pantry-tree:
      size: 428
      sha256: a536fc342bc1ad478679657281ed3822e1a998ada9db84899e0ccfe16901e0c8
    commit: 4fac197b6f0d2ff60dc3486c593b68dc00969fbf
  original:
    subdir: monoidal-synchronisation
    git: https://github.com/input-output-hk/ouroboros-network
    commit: 4fac197b6f0d2ff60dc3486c593b68dc00969fbf
- completed:
    subdir: network-mux
    name: network-mux
    version: 0.1.0.0
    git: https://github.com/input-output-hk/ouroboros-network
    pantry-tree:
      size: 2141
      sha256: bc7f083b97bcdd7d3581224810251766bc8c9f3750b44a235671943b54008b86
    commit: 4fac197b6f0d2ff60dc3486c593b68dc00969fbf
  original:
    subdir: network-mux
    git: https://github.com/input-output-hk/ouroboros-network
    commit: 4fac197b6f0d2ff60dc3486c593b68dc00969fbf
- completed:
    subdir: ouroboros-consensus
    name: ouroboros-consensus
    version: 0.1.0.0
    git: https://github.com/input-output-hk/ouroboros-network
    pantry-tree:
      size: 23477
      sha256: 2a61e138e60225d74f3383068b45af8216e6f3b08c58c60a4ad1bb191535a416
    commit: 4fac197b6f0d2ff60dc3486c593b68dc00969fbf
  original:
    subdir: ouroboros-consensus
    git: https://github.com/input-output-hk/ouroboros-network
    commit: 4fac197b6f0d2ff60dc3486c593b68dc00969fbf
- completed:
    subdir: ouroboros-consensus-test
    name: ouroboros-consensus-test
    version: 0.1.0.0
    git: https://github.com/input-output-hk/ouroboros-network
    pantry-tree:
      size: 8105
      sha256: f145c9cd7a15e63349002f7a9269f55d8bafcd890cb35f69a71729b0aaf1a255
    commit: 4fac197b6f0d2ff60dc3486c593b68dc00969fbf
  original:
    subdir: ouroboros-consensus-test
    git: https://github.com/input-output-hk/ouroboros-network
    commit: 4fac197b6f0d2ff60dc3486c593b68dc00969fbf
- completed:
    subdir: ouroboros-consensus-byron
    name: ouroboros-consensus-byron
    version: 0.1.0.0
    git: https://github.com/input-output-hk/ouroboros-network
    pantry-tree:
      size: 2005
      sha256: e531106dd363b1537ed3465a7a41947a80fa6dd49d12b145eeb7261fb3b93fc3
    commit: 4fac197b6f0d2ff60dc3486c593b68dc00969fbf
  original:
    subdir: ouroboros-consensus-byron
    git: https://github.com/input-output-hk/ouroboros-network
    commit: 4fac197b6f0d2ff60dc3486c593b68dc00969fbf
- completed:
    subdir: ouroboros-consensus-byronspec
    name: ouroboros-consensus-byronspec
    version: 0.1.0.0
    git: https://github.com/input-output-hk/ouroboros-network
    pantry-tree:
      size: 1219
      sha256: a6da8da5df74d1f2d812e2ff4daebbae30b7cc4c8bea0792dafab73ef0c61398
    commit: 4fac197b6f0d2ff60dc3486c593b68dc00969fbf
  original:
    subdir: ouroboros-consensus-byronspec
    git: https://github.com/input-output-hk/ouroboros-network
    commit: 4fac197b6f0d2ff60dc3486c593b68dc00969fbf
- completed:
    subdir: ouroboros-consensus-byron-test
    name: ouroboros-consensus-byron-test
    version: 0.1.0.0
    git: https://github.com/input-output-hk/ouroboros-network
    pantry-tree:
      size: 3697
      sha256: 8d222c112b737c601b4098f74b6773db9fac3c7340721c149447b27d739bfe6d
    commit: 4fac197b6f0d2ff60dc3486c593b68dc00969fbf
  original:
    subdir: ouroboros-consensus-byron-test
    git: https://github.com/input-output-hk/ouroboros-network
    commit: 4fac197b6f0d2ff60dc3486c593b68dc00969fbf
- completed:
    subdir: ouroboros-consensus-protocol
    name: ouroboros-consensus-protocol
    version: 0.1.0.0
    git: https://github.com/input-output-hk/ouroboros-network
    pantry-tree:
      size: 390
      sha256: 86273510071bfe2915f0c74dae3f27cc9b66ac3ace6ca2decae857b786b38cc1
    commit: 4fac197b6f0d2ff60dc3486c593b68dc00969fbf
  original:
    subdir: ouroboros-consensus-protocol
    git: https://github.com/input-output-hk/ouroboros-network
    commit: 4fac197b6f0d2ff60dc3486c593b68dc00969fbf
- completed:
    subdir: ouroboros-consensus-shelley
    name: ouroboros-consensus-shelley
    version: 0.1.0.0
    git: https://github.com/input-output-hk/ouroboros-network
    pantry-tree:
      size: 1784
      sha256: 9d3658bcc9604d768d986da58e4b8f58a8400c6041e45dcaea570a3ff388210b
    commit: 4fac197b6f0d2ff60dc3486c593b68dc00969fbf
  original:
    subdir: ouroboros-consensus-shelley
    git: https://github.com/input-output-hk/ouroboros-network
    commit: 4fac197b6f0d2ff60dc3486c593b68dc00969fbf
- completed:
    subdir: ouroboros-consensus-shelley-test
    name: ouroboros-consensus-shelley-test
    version: 0.1.0.0
    git: https://github.com/input-output-hk/ouroboros-network
    pantry-tree:
      size: 10698
      sha256: 69e8ff81cdeeec14f6b7bc38923423c1188421df4ad6f7c881030a21c69a1b28
    commit: 4fac197b6f0d2ff60dc3486c593b68dc00969fbf
  original:
    subdir: ouroboros-consensus-shelley-test
    git: https://github.com/input-output-hk/ouroboros-network
    commit: 4fac197b6f0d2ff60dc3486c593b68dc00969fbf
- completed:
    subdir: ouroboros-consensus-cardano
    name: ouroboros-consensus-cardano
    version: 0.1.0.0
    git: https://github.com/input-output-hk/ouroboros-network
    pantry-tree:
      size: 1429
      sha256: 1ceaa0e52484825bf3f862d9c36a2d9239a6b32790f8d15066362efe80a88825
    commit: 4fac197b6f0d2ff60dc3486c593b68dc00969fbf
  original:
    subdir: ouroboros-consensus-cardano
    git: https://github.com/input-output-hk/ouroboros-network
    commit: 4fac197b6f0d2ff60dc3486c593b68dc00969fbf
- completed:
    subdir: ouroboros-consensus-cardano-test
    name: ouroboros-consensus-cardano-test
    version: 0.1.0.0
    git: https://github.com/input-output-hk/ouroboros-network
    pantry-tree:
      size: 129952
      sha256: 81351f30cf37bba8ad56e0129eb843971aca42ca949a064955242b069fcdd324
    commit: 4fac197b6f0d2ff60dc3486c593b68dc00969fbf
  original:
    subdir: ouroboros-consensus-cardano-test
    git: https://github.com/input-output-hk/ouroboros-network
    commit: 4fac197b6f0d2ff60dc3486c593b68dc00969fbf
- completed:
    subdir: ouroboros-network
    name: ouroboros-network
    version: 0.1.0.0
    git: https://github.com/input-output-hk/ouroboros-network
    pantry-tree:
      size: 14806
      sha256: 4dbdfd3e927655e0c267aee4017e1fb3117d1f8d601c916595299daff2938c66
    commit: 4fac197b6f0d2ff60dc3486c593b68dc00969fbf
  original:
    subdir: ouroboros-network
    git: https://github.com/input-output-hk/ouroboros-network
    commit: 4fac197b6f0d2ff60dc3486c593b68dc00969fbf
- completed:
    subdir: ouroboros-network-framework
    name: ouroboros-network-framework
    version: 0.1.0.0
    git: https://github.com/input-output-hk/ouroboros-network
    pantry-tree:
      size: 4673
      sha256: abffdba81345741c89390e9f96caf6acf44da4e08b12a368fa5fdf8a05c06987
    commit: 4fac197b6f0d2ff60dc3486c593b68dc00969fbf
  original:
    subdir: ouroboros-network-framework
    git: https://github.com/input-output-hk/ouroboros-network
    commit: 4fac197b6f0d2ff60dc3486c593b68dc00969fbf
- completed:
    subdir: ouroboros-network-testing
    name: ouroboros-network-testing
    version: 0.1.0.0
    git: https://github.com/input-output-hk/ouroboros-network
    pantry-tree:
      size: 878
      sha256: 8530b50c3bdc560bae6f782f8ac655369e2c71c41ecefd46975e25bcc0d48a5e
    commit: 4fac197b6f0d2ff60dc3486c593b68dc00969fbf
  original:
    subdir: ouroboros-network-testing
    git: https://github.com/input-output-hk/ouroboros-network
    commit: 4fac197b6f0d2ff60dc3486c593b68dc00969fbf
- completed:
    subdir: strict-stm
    name: strict-stm
    version: 0.1.0.0
    git: https://github.com/input-output-hk/ouroboros-network
    pantry-tree:
      size: 286
      sha256: 8cbb5453a0f1de76228e12da87fc2df78a15cd118ad27efc49edab88e291866c
    commit: 4fac197b6f0d2ff60dc3486c593b68dc00969fbf
  original:
    subdir: strict-stm
    git: https://github.com/input-output-hk/ouroboros-network
    commit: 4fac197b6f0d2ff60dc3486c593b68dc00969fbf
- completed:
    subdir: typed-protocols
    name: typed-protocols
    version: 0.1.0.0
    git: https://github.com/input-output-hk/ouroboros-network
    pantry-tree:
      size: 612
      sha256: 9cfa00b980e73c512e49d72dda4c27c625c35bad59d33af562db17f75b918ead
    commit: 4fac197b6f0d2ff60dc3486c593b68dc00969fbf
  original:
    subdir: typed-protocols
    git: https://github.com/input-output-hk/ouroboros-network
    commit: 4fac197b6f0d2ff60dc3486c593b68dc00969fbf
- completed:
    subdir: typed-protocols-cborg
    name: typed-protocols-cborg
    version: 0.1.0.0
    git: https://github.com/input-output-hk/ouroboros-network
    pantry-tree:
      size: 345
      sha256: c84f5cba5aecbfc2bd10de1892ce0fbfb513965e45a87b4cfb78d56b7f214fb7
    commit: 4fac197b6f0d2ff60dc3486c593b68dc00969fbf
  original:
    subdir: typed-protocols-cborg
    git: https://github.com/input-output-hk/ouroboros-network
    commit: 4fac197b6f0d2ff60dc3486c593b68dc00969fbf
- completed:
    subdir: typed-protocols-examples
    name: typed-protocols-examples
    version: 0.1.0.0
    git: https://github.com/input-output-hk/ouroboros-network
    pantry-tree:
      size: 1570
      sha256: f1a2e13433a4e9efa90342c21feca3e29172247854999e2c2226cfba7127208d
    commit: 4fac197b6f0d2ff60dc3486c593b68dc00969fbf
  original:
    subdir: typed-protocols-examples
    git: https://github.com/input-output-hk/ouroboros-network
    commit: 4fac197b6f0d2ff60dc3486c593b68dc00969fbf
- completed:
    subdir: plutus-core
    name: plutus-core
    version: 0.1.0.0
    git: https://github.com/CardanoSolutions/plutus
    pantry-tree:
      size: 20605
      sha256: 9d4e5d287cd108b19aab815a8f39c66057f33e6d2c7c01413f23fc58a0ce5c63
    commit: ce0ab0ae72e0995ba23f29247e97c1beeb466905
  original:
    subdir: plutus-core
    git: https://github.com/CardanoSolutions/plutus
    commit: ce0ab0ae72e0995ba23f29247e97c1beeb466905
- completed:
    subdir: plutus-core-testlib
    name: plutus-core-testlib
    version: 1.0.0.0
    git: https://github.com/CardanoSolutions/plutus
    pantry-tree:
      size: 64402
      sha256: 80d0231b6a3b0144eb8bcb3e6e909cb73a0937b727e19bd7f9bebe69435c31d9
    commit: ce0ab0ae72e0995ba23f29247e97c1beeb466905
  original:
    subdir: plutus-core-testlib
    git: https://github.com/CardanoSolutions/plutus
    commit: ce0ab0ae72e0995ba23f29247e97c1beeb466905
- completed:
    subdir: plutus-ledger-api
    name: plutus-ledger-api
    version: 0.1.0.0
    git: https://github.com/CardanoSolutions/plutus
    pantry-tree:
      size: 1935
      sha256: a7c7073750ad5bc56e3f156a78ec63741bced3a8354638eab2f0a96dcc682cb5
    commit: ce0ab0ae72e0995ba23f29247e97c1beeb466905
  original:
    subdir: plutus-ledger-api
    git: https://github.com/CardanoSolutions/plutus
    commit: ce0ab0ae72e0995ba23f29247e97c1beeb466905
- completed:
    subdir: plutus-tx
    name: plutus-tx
    version: 0.1.0.0
    git: https://github.com/CardanoSolutions/plutus
    pantry-tree:
      size: 3631
      sha256: a1c00cdacc780ddff8983fda2aaebeb2486c7dd58f7752937af6da6b7e418882
    commit: ce0ab0ae72e0995ba23f29247e97c1beeb466905
  original:
    subdir: plutus-tx
    git: https://github.com/CardanoSolutions/plutus
    commit: ce0ab0ae72e0995ba23f29247e97c1beeb466905
- completed:
    subdir: plutus-tx-testlib
    name: plutus-tx-testlib
    version: 1.0.0.0
    git: https://github.com/CardanoSolutions/plutus
    pantry-tree:
      size: 225
      sha256: 8aa9643bdc5d1b34194df72d3708562f31f91715ee94b8fe3517710cfbda6181
    commit: ce0ab0ae72e0995ba23f29247e97c1beeb466905
  original:
    subdir: plutus-tx-testlib
    git: https://github.com/CardanoSolutions/plutus
    commit: ce0ab0ae72e0995ba23f29247e97c1beeb466905
- completed:
    subdir: prettyprinter-configurable
    name: prettyprinter-configurable
    version: 0.1.0.0
    git: https://github.com/CardanoSolutions/plutus
    pantry-tree:
      size: 1191
      sha256: 4a33ab458656ea7bb5d3639f57423c4f5656c76b9e95643037c62cc8831cca1a
    commit: ce0ab0ae72e0995ba23f29247e97c1beeb466905
  original:
    subdir: prettyprinter-configurable
    git: https://github.com/CardanoSolutions/plutus
    commit: ce0ab0ae72e0995ba23f29247e97c1beeb466905
- completed:
    subdir: stubs/plutus-ghc-stub
    name: plutus-ghc-stub
    version: 8.6.5
    git: https://github.com/CardanoSolutions/plutus
    pantry-tree:
      size: 1120
      sha256: f11b3a618b6a7d3bd47cd8e4991a5d0e03fcdda41afb2a35c75364a2448bbaa8
    commit: ce0ab0ae72e0995ba23f29247e97c1beeb466905
  original:
    subdir: stubs/plutus-ghc-stub
    git: https://github.com/CardanoSolutions/plutus
    commit: ce0ab0ae72e0995ba23f29247e97c1beeb466905
- completed:
    subdir: word-array
    name: word-array
    version: 0.1.0.0
    git: https://github.com/CardanoSolutions/plutus
    pantry-tree:
      size: 329
      sha256: 7af11a3d2c2cd77d24faed2d38bd8425d3dc24b304aa773706767b8f8434646b
    commit: ce0ab0ae72e0995ba23f29247e97c1beeb466905
  original:
    subdir: word-array
    git: https://github.com/CardanoSolutions/plutus
    commit: ce0ab0ae72e0995ba23f29247e97c1beeb466905
- completed:
    name: Win32-network
    version: 0.1.0.0
    git: https://github.com/input-output-hk/Win32-network
    pantry-tree:
      size: 2217
      sha256: 8a1daf05a0dc4e043939dbf4805757edaa7ad670bbfc97195f4bdbcd0bca9753
    commit: 3825d3abf75f83f406c1f7161883c438dac7277d
  original:
    git: https://github.com/input-output-hk/Win32-network
    commit: 3825d3abf75f83f406c1f7161883c438dac7277d
snapshots:
- completed:
    size: 590102
    url: https://raw.githubusercontent.com/commercialhaskell/stackage-snapshots/master/lts/18/27.yaml
    sha256: 79a786674930a89301b0e908fad2822a48882f3d01486117693c377b8edffdbe
  original: lts-18.27
